// !$*UTF8*$!
{
	archiveVersion = 1;
	classes = {
	};
	objectVersion = 77;
	objects = {

/* Begin PBXBuildFile section */
		4D1F2DDA2D7731BD0094C680 /* RealmSwift in Frameworks */ = {isa = PBXBuildFile; productRef = 4D1F2DD92D7731BD0094C680 /* RealmSwift */; };
		4D726A762D6E19CA000F4F0C /* RxCocoa in Frameworks */ = {isa = PBXBuildFile; productRef = 4D726A752D6E19CA000F4F0C /* RxCocoa */; };
		4D726A782D6E19CA000F4F0C /* RxSwift in Frameworks */ = {isa = PBXBuildFile; productRef = 4D726A772D6E19CA000F4F0C /* RxSwift */; };
		4D726A7B2D6E19DF000F4F0C /* Kingfisher in Frameworks */ = {isa = PBXBuildFile; productRef = 4D726A7A2D6E19DF000F4F0C /* Kingfisher */; };
		4D726A7E2D6E19EA000F4F0C /* SnapKit in Frameworks */ = {isa = PBXBuildFile; productRef = 4D726A7D2D6E19EA000F4F0C /* SnapKit */; };
		4D726A812D6E19F7000F4F0C /* Alamofire in Frameworks */ = {isa = PBXBuildFile; productRef = 4D726A802D6E19F7000F4F0C /* Alamofire */; };
		4DC918ED2D37CA03005F2500 /* .gitignore in Resources */ = {isa = PBXBuildFile; fileRef = 4DC918EC2D37CA03005F2500 /* .gitignore */; };
/* End PBXBuildFile section */

/* Begin PBXFileReference section */
		4DC918D42D37C97F005F2500 /* NaverShopingAPI.app */ = {isa = PBXFileReference; explicitFileType = wrapper.application; includeInIndex = 0; path = NaverShopingAPI.app; sourceTree = BUILT_PRODUCTS_DIR; };
		4DC918EC2D37CA03005F2500 /* .gitignore */ = {isa = PBXFileReference; lastKnownFileType = text; path = .gitignore; sourceTree = "<group>"; };
/* End PBXFileReference section */

/* Begin PBXFileSystemSynchronizedBuildFileExceptionSet section */
		4DC918E62D37C981005F2500 /* Exceptions for "NaverShopingAPI" folder in "NaverShopingAPI" target */ = {
			isa = PBXFileSystemSynchronizedBuildFileExceptionSet;
			membershipExceptions = (
				Info.plist,
			);
			target = 4DC918D32D37C97F005F2500 /* NaverShopingAPI */;
		};
/* End PBXFileSystemSynchronizedBuildFileExceptionSet section */

/* Begin PBXFileSystemSynchronizedRootGroup section */
		4DC918D62D37C97F005F2500 /* NaverShopingAPI */ = {
			isa = PBXFileSystemSynchronizedRootGroup;
			exceptions = (
				4DC918E62D37C981005F2500 /* Exceptions for "NaverShopingAPI" folder in "NaverShopingAPI" target */,
			);
			path = NaverShopingAPI;
			sourceTree = "<group>";
		};
/* End PBXFileSystemSynchronizedRootGroup section */

/* Begin PBXFrameworksBuildPhase section */
		4DC918D12D37C97F005F2500 /* Frameworks */ = {
			isa = PBXFrameworksBuildPhase;
			buildActionMask = 2147483647;
			files = (
				4D1F2DDA2D7731BD0094C680 /* RealmSwift in Frameworks */,
				4D726A812D6E19F7000F4F0C /* Alamofire in Frameworks */,
				4D726A7B2D6E19DF000F4F0C /* Kingfisher in Frameworks */,
				4D726A7E2D6E19EA000F4F0C /* SnapKit in Frameworks */,
				4D726A782D6E19CA000F4F0C /* RxSwift in Frameworks */,
				4D726A762D6E19CA000F4F0C /* RxCocoa in Frameworks */,
			);
			runOnlyForDeploymentPostprocessing = 0;
		};
/* End PBXFrameworksBuildPhase section */

/* Begin PBXGroup section */
		4DC918CB2D37C97F005F2500 = {
			isa = PBXGroup;
			children = (
				4DC918EC2D37CA03005F2500 /* .gitignore */,
				4DC918D62D37C97F005F2500 /* NaverShopingAPI */,
				4DC918D52D37C97F005F2500 /* Products */,
			);
			sourceTree = "<group>";
		};
		4DC918D52D37C97F005F2500 /* Products */ = {
			isa = PBXGroup;
			children = (
				4DC918D42D37C97F005F2500 /* NaverShopingAPI.app */,
			);
			name = Products;
			sourceTree = "<group>";
		};
/* End PBXGroup section */

/* Begin PBXNativeTarget section */
		4DC918D32D37C97F005F2500 /* NaverShopingAPI */ = {
			isa = PBXNativeTarget;
			buildConfigurationList = 4DC918E72D37C981005F2500 /* Build configuration list for PBXNativeTarget "NaverShopingAPI" */;
			buildPhases = (
				4DC918D02D37C97F005F2500 /* Sources */,
				4DC918D12D37C97F005F2500 /* Frameworks */,
				4DC918D22D37C97F005F2500 /* Resources */,
			);
			buildRules = (
			);
			dependencies = (
			);
			fileSystemSynchronizedGroups = (
				4DC918D62D37C97F005F2500 /* NaverShopingAPI */,
			);
			name = NaverShopingAPI;
			packageProductDependencies = (
				4D726A752D6E19CA000F4F0C /* RxCocoa */,
				4D726A772D6E19CA000F4F0C /* RxSwift */,
				4D726A7A2D6E19DF000F4F0C /* Kingfisher */,
				4D726A7D2D6E19EA000F4F0C /* SnapKit */,
				4D726A802D6E19F7000F4F0C /* Alamofire */,
				4D1F2DD92D7731BD0094C680 /* RealmSwift */,
			);
			productName = NaverShopingAPI;
			productReference = 4DC918D42D37C97F005F2500 /* NaverShopingAPI.app */;
			productType = "com.apple.product-type.application";
		};
/* End PBXNativeTarget section */

/* Begin PBXProject section */
		4DC918CC2D37C97F005F2500 /* Project object */ = {
			isa = PBXProject;
			attributes = {
				BuildIndependentTargetsInParallel = 1;
				LastSwiftUpdateCheck = 1600;
				LastUpgradeCheck = 1600;
				TargetAttributes = {
					4DC918D32D37C97F005F2500 = {
						CreatedOnToolsVersion = 16.0;
					};
				};
			};
			buildConfigurationList = 4DC918CF2D37C97F005F2500 /* Build configuration list for PBXProject "NaverShopingAPI" */;
			developmentRegion = en;
			hasScannedForEncodings = 0;
			knownRegions = (
				en,
				Base,
			);
			mainGroup = 4DC918CB2D37C97F005F2500;
			minimizedProjectReferenceProxies = 1;
			packageReferences = (
				4D726A742D6E19C9000F4F0C /* XCRemoteSwiftPackageReference "RxSwift" */,
				4D726A792D6E19DF000F4F0C /* XCRemoteSwiftPackageReference "Kingfisher" */,
				4D726A7C2D6E19EA000F4F0C /* XCRemoteSwiftPackageReference "SnapKit" */,
				4D726A7F2D6E19F7000F4F0C /* XCRemoteSwiftPackageReference "Alamofire" */,
				4D1F2DD82D7731BD0094C680 /* XCRemoteSwiftPackageReference "realm-swift" */,
			);
			preferredProjectObjectVersion = 77;
			productRefGroup = 4DC918D52D37C97F005F2500 /* Products */;
			projectDirPath = "";
			projectRoot = "";
			targets = (
				4DC918D32D37C97F005F2500 /* NaverShopingAPI */,
			);
		};
/* End PBXProject section */

/* Begin PBXResourcesBuildPhase section */
		4DC918D22D37C97F005F2500 /* Resources */ = {
			isa = PBXResourcesBuildPhase;
			buildActionMask = 2147483647;
			files = (
				4DC918ED2D37CA03005F2500 /* .gitignore in Resources */,
			);
			runOnlyForDeploymentPostprocessing = 0;
		};
/* End PBXResourcesBuildPhase section */

/* Begin PBXSourcesBuildPhase section */
		4DC918D02D37C97F005F2500 /* Sources */ = {
			isa = PBXSourcesBuildPhase;
			buildActionMask = 2147483647;
			files = (
			);
			runOnlyForDeploymentPostprocessing = 0;
		};
/* End PBXSourcesBuildPhase section */

/* Begin XCBuildConfiguration section */
		4DC918E82D37C981005F2500 /* Debug */ = {
			isa = XCBuildConfiguration;
			buildSettings = {
				ASSETCATALOG_COMPILER_APPICON_NAME = AppIcon;
				ASSETCATALOG_COMPILER_GLOBAL_ACCENT_COLOR_NAME = AccentColor;
				CODE_SIGN_STYLE = Automatic;
				CURRENT_PROJECT_VERSION = 1;
				DEVELOPMENT_TEAM = Z388Z4UCTV;
				GENERATE_INFOPLIST_FILE = YES;
				INFOPLIST_FILE = NaverShopingAPI/Info.plist;
				INFOPLIST_KEY_UIApplicationSupportsIndirectInputEvents = YES;
				INFOPLIST_KEY_UILaunchStoryboardName = LaunchScreen;
				INFOPLIST_KEY_UIMainStoryboardFile = Main;
				INFOPLIST_KEY_UISupportedInterfaceOrientations_iPad = "UIInterfaceOrientationPortrait UIInterfaceOrientationPortraitUpsideDown UIInterfaceOrientationLandscapeLeft UIInterfaceOrientationLandscapeRight";
				INFOPLIST_KEY_UISupportedInterfaceOrientations_iPhone = "UIInterfaceOrientationPortrait UIInterfaceOrientationLandscapeLeft UIInterfaceOrientationLandscapeRight";
				LD_RUNPATH_SEARCH_PATHS = (
					"$(inherited)",
					"@executable_path/Frameworks",
				);
				MARKETING_VERSION = 1.0;
				PRODUCT_BUNDLE_IDENTIFIER = com.kwonws.NaverShopingAPI;
				PRODUCT_NAME = "$(TARGET_NAME)";
				SWIFT_EMIT_LOC_STRINGS = YES;
				SWIFT_VERSION = 5.0;
				TARGETED_DEVICE_FAMILY = "1,2";
			};
			name = Debug;
		};
		4DC918E92D37C981005F2500 /* Release */ = {
			isa = XCBuildConfiguration;
			buildSettings = {
				ASSETCATALOG_COMPILER_APPICON_NAME = AppIcon;
				ASSETCATALOG_COMPILER_GLOBAL_ACCENT_COLOR_NAME = AccentColor;
				CODE_SIGN_STYLE = Automatic;
				CURRENT_PROJECT_VERSION = 1;
				DEVELOPMENT_TEAM = Z388Z4UCTV;
				GENERATE_INFOPLIST_FILE = YES;
				INFOPLIST_FILE = NaverShopingAPI/Info.plist;
				INFOPLIST_KEY_UIApplicationSupportsIndirectInputEvents = YES;
				INFOPLIST_KEY_UILaunchStoryboardName = LaunchScreen;
				INFOPLIST_KEY_UIMainStoryboardFile = Main;
				INFOPLIST_KEY_UISupportedInterfaceOrientations_iPad = "UIInterfaceOrientationPortrait UIInterfaceOrientationPortraitUpsideDown UIInterfaceOrientationLandscapeLeft UIInterfaceOrientationLandscapeRight";
				INFOPLIST_KEY_UISupportedInterfaceOrientations_iPhone = "UIInterfaceOrientationPortrait UIInterfaceOrientationLandscapeLeft UIInterfaceOrientationLandscapeRight";
				LD_RUNPATH_SEARCH_PATHS = (
					"$(inherited)",
					"@executable_path/Frameworks",
				);
				MARKETING_VERSION = 1.0;
				PRODUCT_BUNDLE_IDENTIFIER = com.kwonws.NaverShopingAPI;
				PRODUCT_NAME = "$(TARGET_NAME)";
				SWIFT_EMIT_LOC_STRINGS = YES;
				SWIFT_VERSION = 5.0;
				TARGETED_DEVICE_FAMILY = "1,2";
			};
			name = Release;
		};
		4DC918EA2D37C981005F2500 /* Debug */ = {
			isa = XCBuildConfiguration;
			buildSettings = {
				ALWAYS_SEARCH_USER_PATHS = NO;
				ASSETCATALOG_COMPILER_GENERATE_SWIFT_ASSET_SYMBOL_EXTENSIONS = YES;
				CLANG_ANALYZER_NONNULL = YES;
				CLANG_ANALYZER_NUMBER_OBJECT_CONVERSION = YES_AGGRESSIVE;
				CLANG_CXX_LANGUAGE_STANDARD = "gnu++20";
				CLANG_ENABLE_MODULES = YES;
				CLANG_ENABLE_OBJC_ARC = YES;
				CLANG_ENABLE_OBJC_WEAK = YES;
				CLANG_WARN_BLOCK_CAPTURE_AUTORELEASING = YES;
				CLANG_WARN_BOOL_CONVERSION = YES;
				CLANG_WARN_COMMA = YES;
				CLANG_WARN_CONSTANT_CONVERSION = YES;
				CLANG_WARN_DEPRECATED_OBJC_IMPLEMENTATIONS = YES;
				CLANG_WARN_DIRECT_OBJC_ISA_USAGE = YES_ERROR;
				CLANG_WARN_DOCUMENTATION_COMMENTS = YES;
				CLANG_WARN_EMPTY_BODY = YES;
				CLANG_WARN_ENUM_CONVERSION = YES;
				CLANG_WARN_INFINITE_RECURSION = YES;
				CLANG_WARN_INT_CONVERSION = YES;
				CLANG_WARN_NON_LITERAL_NULL_CONVERSION = YES;
				CLANG_WARN_OBJC_IMPLICIT_RETAIN_SELF = YES;
				CLANG_WARN_OBJC_LITERAL_CONVERSION = YES;
				CLANG_WARN_OBJC_ROOT_CLASS = YES_ERROR;
				CLANG_WARN_QUOTED_INCLUDE_IN_FRAMEWORK_HEADER = YES;
				CLANG_WARN_RANGE_LOOP_ANALYSIS = YES;
				CLANG_WARN_STRICT_PROTOTYPES = YES;
				CLANG_WARN_SUSPICIOUS_MOVE = YES;
				CLANG_WARN_UNGUARDED_AVAILABILITY = YES_AGGRESSIVE;
				CLANG_WARN_UNREACHABLE_CODE = YES;
				CLANG_WARN__DUPLICATE_METHOD_MATCH = YES;
				COPY_PHASE_STRIP = NO;
				DEBUG_INFORMATION_FORMAT = dwarf;
				ENABLE_STRICT_OBJC_MSGSEND = YES;
				ENABLE_TESTABILITY = YES;
				ENABLE_USER_SCRIPT_SANDBOXING = YES;
				GCC_C_LANGUAGE_STANDARD = gnu17;
				GCC_DYNAMIC_NO_PIC = NO;
				GCC_NO_COMMON_BLOCKS = YES;
				GCC_OPTIMIZATION_LEVEL = 0;
				GCC_PREPROCESSOR_DEFINITIONS = (
					"DEBUG=1",
					"$(inherited)",
				);
				GCC_WARN_64_TO_32_BIT_CONVERSION = YES;
				GCC_WARN_ABOUT_RETURN_TYPE = YES_ERROR;
				GCC_WARN_UNDECLARED_SELECTOR = YES;
				GCC_WARN_UNINITIALIZED_AUTOS = YES_AGGRESSIVE;
				GCC_WARN_UNUSED_FUNCTION = YES;
				GCC_WARN_UNUSED_VARIABLE = YES;
				IPHONEOS_DEPLOYMENT_TARGET = 18.0;
				LOCALIZATION_PREFERS_STRING_CATALOGS = YES;
				MTL_ENABLE_DEBUG_INFO = INCLUDE_SOURCE;
				MTL_FAST_MATH = YES;
				ONLY_ACTIVE_ARCH = YES;
				SDKROOT = iphoneos;
				SWIFT_ACTIVE_COMPILATION_CONDITIONS = "DEBUG $(inherited)";
				SWIFT_OPTIMIZATION_LEVEL = "-Onone";
			};
			name = Debug;
		};
		4DC918EB2D37C981005F2500 /* Release */ = {
			isa = XCBuildConfiguration;
			buildSettings = {
				ALWAYS_SEARCH_USER_PATHS = NO;
				ASSETCATALOG_COMPILER_GENERATE_SWIFT_ASSET_SYMBOL_EXTENSIONS = YES;
				CLANG_ANALYZER_NONNULL = YES;
				CLANG_ANALYZER_NUMBER_OBJECT_CONVERSION = YES_AGGRESSIVE;
				CLANG_CXX_LANGUAGE_STANDARD = "gnu++20";
				CLANG_ENABLE_MODULES = YES;
				CLANG_ENABLE_OBJC_ARC = YES;
				CLANG_ENABLE_OBJC_WEAK = YES;
				CLANG_WARN_BLOCK_CAPTURE_AUTORELEASING = YES;
				CLANG_WARN_BOOL_CONVERSION = YES;
				CLANG_WARN_COMMA = YES;
				CLANG_WARN_CONSTANT_CONVERSION = YES;
				CLANG_WARN_DEPRECATED_OBJC_IMPLEMENTATIONS = YES;
				CLANG_WARN_DIRECT_OBJC_ISA_USAGE = YES_ERROR;
				CLANG_WARN_DOCUMENTATION_COMMENTS = YES;
				CLANG_WARN_EMPTY_BODY = YES;
				CLANG_WARN_ENUM_CONVERSION = YES;
				CLANG_WARN_INFINITE_RECURSION = YES;
				CLANG_WARN_INT_CONVERSION = YES;
				CLANG_WARN_NON_LITERAL_NULL_CONVERSION = YES;
				CLANG_WARN_OBJC_IMPLICIT_RETAIN_SELF = YES;
				CLANG_WARN_OBJC_LITERAL_CONVERSION = YES;
				CLANG_WARN_OBJC_ROOT_CLASS = YES_ERROR;
				CLANG_WARN_QUOTED_INCLUDE_IN_FRAMEWORK_HEADER = YES;
				CLANG_WARN_RANGE_LOOP_ANALYSIS = YES;
				CLANG_WARN_STRICT_PROTOTYPES = YES;
				CLANG_WARN_SUSPICIOUS_MOVE = YES;
				CLANG_WARN_UNGUARDED_AVAILABILITY = YES_AGGRESSIVE;
				CLANG_WARN_UNREACHABLE_CODE = YES;
				CLANG_WARN__DUPLICATE_METHOD_MATCH = YES;
				COPY_PHASE_STRIP = NO;
				DEBUG_INFORMATION_FORMAT = "dwarf-with-dsym";
				ENABLE_NS_ASSERTIONS = NO;
				ENABLE_STRICT_OBJC_MSGSEND = YES;
				ENABLE_USER_SCRIPT_SANDBOXING = YES;
				GCC_C_LANGUAGE_STANDARD = gnu17;
				GCC_NO_COMMON_BLOCKS = YES;
				GCC_WARN_64_TO_32_BIT_CONVERSION = YES;
				GCC_WARN_ABOUT_RETURN_TYPE = YES_ERROR;
				GCC_WARN_UNDECLARED_SELECTOR = YES;
				GCC_WARN_UNINITIALIZED_AUTOS = YES_AGGRESSIVE;
				GCC_WARN_UNUSED_FUNCTION = YES;
				GCC_WARN_UNUSED_VARIABLE = YES;
				IPHONEOS_DEPLOYMENT_TARGET = 18.0;
				LOCALIZATION_PREFERS_STRING_CATALOGS = YES;
				MTL_ENABLE_DEBUG_INFO = NO;
				MTL_FAST_MATH = YES;
				SDKROOT = iphoneos;
				SWIFT_COMPILATION_MODE = wholemodule;
				VALIDATE_PRODUCT = YES;
			};
			name = Release;
		};
/* End XCBuildConfiguration section */

/* Begin XCConfigurationList section */
		4DC918CF2D37C97F005F2500 /* Build configuration list for PBXProject "NaverShopingAPI" */ = {
			isa = XCConfigurationList;
			buildConfigurations = (
				4DC918EA2D37C981005F2500 /* Debug */,
				4DC918EB2D37C981005F2500 /* Release */,
			);
			defaultConfigurationIsVisible = 0;
			defaultConfigurationName = Release;
		};
		4DC918E72D37C981005F2500 /* Build configuration list for PBXNativeTarget "NaverShopingAPI" */ = {
			isa = XCConfigurationList;
			buildConfigurations = (
				4DC918E82D37C981005F2500 /* Debug */,
				4DC918E92D37C981005F2500 /* Release */,
			);
			defaultConfigurationIsVisible = 0;
			defaultConfigurationName = Release;
		};
/* End XCConfigurationList section */

/* Begin XCRemoteSwiftPackageReference section */
		4D1F2DD82D7731BD0094C680 /* XCRemoteSwiftPackageReference "realm-swift" */ = {
			isa = XCRemoteSwiftPackageReference;
			repositoryURL = "https://github.com/realm/realm-swift.git";
			requirement = {
				kind = exactVersion;
				version = 20.0.1;
			};
		};
		4D726A742D6E19C9000F4F0C /* XCRemoteSwiftPackageReference "RxSwift" */ = {
			isa = XCRemoteSwiftPackageReference;
			repositoryURL = "https://github.com/ReactiveX/RxSwift.git";
			requirement = {
				kind = upToNextMajorVersion;
				minimumVersion = 6.9.0;
			};
		};
		4D726A792D6E19DF000F4F0C /* XCRemoteSwiftPackageReference "Kingfisher" */ = {
			isa = XCRemoteSwiftPackageReference;
			repositoryURL = "https://github.com/onevcat/Kingfisher";
			requirement = {
				kind = upToNextMajorVersion;
				minimumVersion = 8.2.0;
			};
		};
		4D726A7C2D6E19EA000F4F0C /* XCRemoteSwiftPackageReference "SnapKit" */ = {
			isa = XCRemoteSwiftPackageReference;
			repositoryURL = "https://github.com/SnapKit/SnapKit";
			requirement = {
				kind = upToNextMajorVersion;
				minimumVersion = 5.7.1;
			};
		};
		4D726A7F2D6E19F7000F4F0C /* XCRemoteSwiftPackageReference "Alamofire" */ = {
			isa = XCRemoteSwiftPackageReference;
			repositoryURL = "https://github.com/Alamofire/Alamofire";
			requirement = {
				kind = upToNextMajorVersion;
				minimumVersion = 5.10.2;
			};
		};
/* End XCRemoteSwiftPackageReference section */

/* Begin XCSwiftPackageProductDependency section */
		4D1F2DD92D7731BD0094C680 /* RealmSwift */ = {
			isa = XCSwiftPackageProductDependency;
			package = 4D1F2DD82D7731BD0094C680 /* XCRemoteSwiftPackageReference "realm-swift" */;
			productName = RealmSwift;
		};
		4D726A752D6E19CA000F4F0C /* RxCocoa */ = {
			isa = XCSwiftPackageProductDependency;
			package = 4D726A742D6E19C9000F4F0C /* XCRemoteSwiftPackageReference "RxSwift" */;
			productName = RxCocoa;
		};
		4D726A772D6E19CA000F4F0C /* RxSwift */ = {
			isa = XCSwiftPackageProductDependency;
			package = 4D726A742D6E19C9000F4F0C /* XCRemoteSwiftPackageReference "RxSwift" */;
			productName = RxSwift;
		};
		4D726A7A2D6E19DF000F4F0C /* Kingfisher */ = {
			isa = XCSwiftPackageProductDependency;
			package = 4D726A792D6E19DF000F4F0C /* XCRemoteSwiftPackageReference "Kingfisher" */;
			productName = Kingfisher;
		};
		4D726A7D2D6E19EA000F4F0C /* SnapKit */ = {
			isa = XCSwiftPackageProductDependency;
			package = 4D726A7C2D6E19EA000F4F0C /* XCRemoteSwiftPackageReference "SnapKit" */;
			productName = SnapKit;
		};
		4D726A802D6E19F7000F4F0C /* Alamofire */ = {
			isa = XCSwiftPackageProductDependency;
			package = 4D726A7F2D6E19F7000F4F0C /* XCRemoteSwiftPackageReference "Alamofire" */;
			productName = Alamofire;
		};
/* End XCSwiftPackageProductDependency section */
	};
	rootObject = 4DC918CC2D37C97F005F2500 /* Project object */;
}
